
Microsoft Visual Studio Solution File, Format Version 12.00
# Visual Studio Version 17
VisualStudioVersion = 17.6.33815.320
MinimumVisualStudioVersion = 10.0.40219.1
Project("{FAE04EC0-301F-11D3-BF4B-00C04F79EFBC}") = "ElsaDemoV01", "ElsaDemoV01.csproj", "{769FE76B-C2CC-4D58-BE60-D9006815D028}"
EndProject
Global
	GlobalSection(SolutionConfigurationPlatforms) = preSolution
		Debug|Any CPU = Debug|Any CPU
		Release|Any CPU = Release|Any CPU
	EndGlobalSection
	GlobalSection(ProjectConfigurationPlatforms) = postSolution
		{769FE76B-C2CC-4D58-BE60-D9006815D028}.Debug|Any CPU.ActiveCfg = Debug|Any CPU
		{769FE76B-C2CC-4D58-BE60-D9006815D028}.Debug|Any CPU.Build.0 = Debug|Any CPU
		{769FE76B-C2CC-4D58-BE60-D9006815D028}.Release|Any CPU.ActiveCfg = Release|Any CPU
		{769FE76B-C2CC-4D58-BE60-D9006815D028}.Release|Any CPU.Build.0 = Release|Any CPU
	EndGlobalSection
	GlobalSection(SolutionProperties) = preSolution
		HideSolutionNode = FALSE
	EndGlobalSection
	GlobalSection(ExtensibilityGlobals) = postSolution
		SolutionGuid = {F1E91B80-AA3B-434E-8B22-1D7B374B3415}
	EndGlobalSection
EndGlobal
